
Microsoft Visual Studio Solution File, Format Version 12.00
# Visual Studio Version 17
VisualStudioVersion = 17.12.35707.178 d17.12
MinimumVisualStudioVersion = 10.0.40219.1
Project("{FAE04EC0-301F-11D3-BF4B-00C04F79EFBC}") = "WishServer", "WishServer.csproj", "{4AB6740D-1482-421D-9FCA-3DB0705E22E6}"
EndProject
Project("{FAE04EC0-301F-11D3-BF4B-00C04F79EFBC}") = "Sunny.Framework.Core", "..\sunny-cloud\global\Sunny.Framework\Sunny.Framework.Core\Sunny.Framework.Core.csproj", "{F6CFB0D0-F895-44CD-A7C8-291B22D7742A}"
EndProject
Project("{FAE04EC0-301F-11D3-BF4B-00C04F79EFBC}") = "Sunny.Framework.Cache", "..\sunny-cloud\global\Sunny.Framework\Sunny.Framework.Cache\Sunny.Framework.Cache.csproj", "{3A8CB0B3-5C08-493A-8CE8-EF66208C8FEA}"
EndProject
Project("{FAE04EC0-301F-11D3-BF4B-00C04F79EFBC}") = "Sunny.Framework.DB", "..\sunny-cloud\global\Sunny.Framework\Sunny.Framework.DB\Sunny.Framework.DB.csproj", "{AB96B2E5-9380-4D64-841B-7F73F520F7AF}"
EndProject
Project("{FAE04EC0-301F-11D3-BF4B-00C04F79EFBC}") = "Sunny.Framework.Web", "..\sunny-cloud\global\Sunny.Framework\Sunny.Framework.Web\Sunny.Framework.Web.csproj", "{45A2E491-E12B-404E-8EA2-E109F88B2550}"
EndProject
Global
	GlobalSection(SolutionConfigurationPlatforms) = preSolution
		Debug|Any CPU = Debug|Any CPU
		Release|Any CPU = Release|Any CPU
	EndGlobalSection
	GlobalSection(ProjectConfigurationPlatforms) = postSolution
		{4AB6740D-1482-421D-9FCA-3DB0705E22E6}.Debug|Any CPU.ActiveCfg = Debug|Any CPU
		{4AB6740D-1482-421D-9FCA-3DB0705E22E6}.Debug|Any CPU.Build.0 = Debug|Any CPU
		{4AB6740D-1482-421D-9FCA-3DB0705E22E6}.Release|Any CPU.ActiveCfg = Release|Any CPU
		{4AB6740D-1482-421D-9FCA-3DB0705E22E6}.Release|Any CPU.Build.0 = Release|Any CPU
		{F6CFB0D0-F895-44CD-A7C8-291B22D7742A}.Debug|Any CPU.ActiveCfg = Debug|Any CPU
		{F6CFB0D0-F895-44CD-A7C8-291B22D7742A}.Debug|Any CPU.Build.0 = Debug|Any CPU
		{F6CFB0D0-F895-44CD-A7C8-291B22D7742A}.Release|Any CPU.ActiveCfg = Release|Any CPU
		{F6CFB0D0-F895-44CD-A7C8-291B22D7742A}.Release|Any CPU.Build.0 = Release|Any CPU
		{3A8CB0B3-5C08-493A-8CE8-EF66208C8FEA}.Debug|Any CPU.ActiveCfg = Debug|Any CPU
		{3A8CB0B3-5C08-493A-8CE8-EF66208C8FEA}.Debug|Any CPU.Build.0 = Debug|Any CPU
		{3A8CB0B3-5C08-493A-8CE8-EF66208C8FEA}.Release|Any CPU.ActiveCfg = Release|Any CPU
		{3A8CB0B3-5C08-493A-8CE8-EF66208C8FEA}.Release|Any CPU.Build.0 = Release|Any CPU
		{AB96B2E5-9380-4D64-841B-7F73F520F7AF}.Debug|Any CPU.ActiveCfg = Debug|Any CPU
		{AB96B2E5-9380-4D64-841B-7F73F520F7AF}.Debug|Any CPU.Build.0 = Debug|Any CPU
		{AB96B2E5-9380-4D64-841B-7F73F520F7AF}.Release|Any CPU.ActiveCfg = Release|Any CPU
		{AB96B2E5-9380-4D64-841B-7F73F520F7AF}.Release|Any CPU.Build.0 = Release|Any CPU
		{45A2E491-E12B-404E-8EA2-E109F88B2550}.Debug|Any CPU.ActiveCfg = Debug|Any CPU
		{45A2E491-E12B-404E-8EA2-E109F88B2550}.Debug|Any CPU.Build.0 = Debug|Any CPU
		{45A2E491-E12B-404E-8EA2-E109F88B2550}.Release|Any CPU.ActiveCfg = Release|Any CPU
		{45A2E491-E12B-404E-8EA2-E109F88B2550}.Release|Any CPU.Build.0 = Release|Any CPU
	EndGlobalSection
	GlobalSection(SolutionProperties) = preSolution
		HideSolutionNode = FALSE
	EndGlobalSection
EndGlobal
